
Microsoft Visual Studio Solution File, Format Version 12.00
# Visual Studio 15
Project("{FAE04EC0-301F-11D3-BF4B-00C04F79EFBC}") = "Assembly-CSharp", "Assembly-CSharp.csproj", "{DA0B1CB3-1881-26F6-AA5E-A17CD1FA5E85}"
EndProject
Project("{FAE04EC0-301F-11D3-BF4B-00C04F79EFBC}") = "Unity.2D.Tilemap.Extras", "Unity.2D.Tilemap.Extras.csproj", "{66B204B2-9F89-7F9C-BC2C-6CCC165E7C00}"
EndProject
Project("{FAE04EC0-301F-11D3-BF4B-00C04F79EFBC}") = "Assembly-CSharp-Editor", "Assembly-CSharp-Editor.csproj", "{49957542-8EDB-A000-27BE-245C93DBF31B}"
EndProject
Project("{FAE04EC0-301F-11D3-BF4B-00C04F79EFBC}") = "Unity.2D.Tilemap.Extras.Editor", "Unity.2D.Tilemap.Extras.Editor.csproj", "{B801331B-9009-C2C8-9D70-591CAC153FFF}"
EndProject
Project("{FAE04EC0-301F-11D3-BF4B-00C04F79EFBC}") = "Unity.2D.Tilemap.Extras.Placeholder.EditorTests", "Unity.2D.Tilemap.Extras.Placeholder.EditorTests.csproj", "{3F7AAF21-1BF5-6D7A-C87A-677E2A7259DF}"
EndProject
Global
	GlobalSection(SolutionConfigurationPlatforms) = preSolution
		Debug|Any CPU = Debug|Any CPU
		Release|Any CPU = Release|Any CPU
	EndGlobalSection
	GlobalSection(ProjectConfigurationPlatforms) = postSolution
		{DA0B1CB3-1881-26F6-AA5E-A17CD1FA5E85}.Debug|Any CPU.ActiveCfg = Debug|Any CPU
		{DA0B1CB3-1881-26F6-AA5E-A17CD1FA5E85}.Debug|Any CPU.Build.0 = Debug|Any CPU
		{DA0B1CB3-1881-26F6-AA5E-A17CD1FA5E85}.Release|Any CPU.ActiveCfg = Release|Any CPU
		{DA0B1CB3-1881-26F6-AA5E-A17CD1FA5E85}.Release|Any CPU.Build.0 = Release|Any CPU
		{66B204B2-9F89-7F9C-BC2C-6CCC165E7C00}.Debug|Any CPU.ActiveCfg = Debug|Any CPU
		{66B204B2-9F89-7F9C-BC2C-6CCC165E7C00}.Debug|Any CPU.Build.0 = Debug|Any CPU
		{66B204B2-9F89-7F9C-BC2C-6CCC165E7C00}.Release|Any CPU.ActiveCfg = Release|Any CPU
		{66B204B2-9F89-7F9C-BC2C-6CCC165E7C00}.Release|Any CPU.Build.0 = Release|Any CPU
		{49957542-8EDB-A000-27BE-245C93DBF31B}.Debug|Any CPU.ActiveCfg = Debug|Any CPU
		{49957542-8EDB-A000-27BE-245C93DBF31B}.Debug|Any CPU.Build.0 = Debug|Any CPU
		{49957542-8EDB-A000-27BE-245C93DBF31B}.Release|Any CPU.ActiveCfg = Release|Any CPU
		{49957542-8EDB-A000-27BE-245C93DBF31B}.Release|Any CPU.Build.0 = Release|Any CPU
		{B801331B-9009-C2C8-9D70-591CAC153FFF}.Debug|Any CPU.ActiveCfg = Debug|Any CPU
		{B801331B-9009-C2C8-9D70-591CAC153FFF}.Debug|Any CPU.Build.0 = Debug|Any CPU
		{B801331B-9009-C2C8-9D70-591CAC153FFF}.Release|Any CPU.ActiveCfg = Release|Any CPU
		{B801331B-9009-C2C8-9D70-591CAC153FFF}.Release|Any CPU.Build.0 = Release|Any CPU
		{3F7AAF21-1BF5-6D7A-C87A-677E2A7259DF}.Debug|Any CPU.ActiveCfg = Debug|Any CPU
		{3F7AAF21-1BF5-6D7A-C87A-677E2A7259DF}.Debug|Any CPU.Build.0 = Debug|Any CPU
		{3F7AAF21-1BF5-6D7A-C87A-677E2A7259DF}.Release|Any CPU.ActiveCfg = Release|Any CPU
		{3F7AAF21-1BF5-6D7A-C87A-677E2A7259DF}.Release|Any CPU.Build.0 = Release|Any CPU
	EndGlobalSection
	GlobalSection(SolutionProperties) = preSolution
		HideSolutionNode = FALSE
	EndGlobalSection
EndGlobal
